# This file is automatically @generated by Cargo.
# It is not intended for manual editing.
version = 4

[[package]]
name = "libc"
version = "0.2.189"
source = "registry+https://github.com/rust-lang/crates.io-index"
checksum = "3eaf3ede3fee6db1a4c2ee091bf8a8b4dccdc6d17f656fb07896ee72867612f2"

[[package]]
name = "rocev2-core"
version = "0.1.0"
dependencies = [
 "rocev2-wire",
]

[[package]]
name = "rocev2-io"
version = "0.1.0"
dependencies = [
 "libc",
 "rocev2-wire",
]

[[package]]
name = "rocev2-memory"
version = "0.1.0"

[[package]]
name = "rocev2-qualification"
version = "0.1.0"
dependencies = [
 "rocev2-core",
 "rocev2-io",
 "rocev2-memory",
 "rocev2-wire",
]

[[package]]
name = "rocev2-wire"
version = "0.1.0"
